// !$*UTF8*$!
{
	archiveVersion = 1;
	classes = {
	};
	objectVersion = 56;
	objects = {

/* Begin PBXBuildFile section */
		8E018AF02C3196220084C1CC /* HomeBookRecordView.swift in Sources */ = {isa = PBXBuildFile; fileRef = 8E018AEF2C3196220084C1CC /* HomeBookRecordView.swift */; };
		8E0540E02BFF691700385365 /* AppDelegate.swift in Sources */ = {isa = PBXBuildFile; fileRef = 8E0540DF2BFF691700385365 /* AppDelegate.swift */; };
		8E0540E22BFF691700385365 /* SceneDelegate.swift in Sources */ = {isa = PBXBuildFile; fileRef = 8E0540E12BFF691700385365 /* SceneDelegate.swift */; };
		8E0540E92BFF691900385365 /* Assets.xcassets in Resources */ = {isa = PBXBuildFile; fileRef = 8E0540E82BFF691900385365 /* Assets.xcassets */; };
		8E0540EC2BFF691900385365 /* Base in Resources */ = {isa = PBXBuildFile; fileRef = 8E0540EB2BFF691900385365 /* Base */; };
		8E2D1BED2C52891800005376 /* naver-apikey.json in Resources */ = {isa = PBXBuildFile; fileRef = 8E2D1BEC2C52885300005376 /* naver-apikey.json */; };
		8E59F3982C0AE4B4006B9074 /* ApiClient.swift in Sources */ = {isa = PBXBuildFile; fileRef = 8E59F3972C0AE4B4006B9074 /* ApiClient.swift */; };
		8E59F39A2C0AEE69006B9074 /* BaramError.swift in Sources */ = {isa = PBXBuildFile; fileRef = 8E59F3992C0AEE69006B9074 /* BaramError.swift */; };
		8E59F39C2C0AFB0F006B9074 /* BaramUrl.swift in Sources */ = {isa = PBXBuildFile; fileRef = 8E59F39B2C0AFB0F006B9074 /* BaramUrl.swift */; };
		8E5C5FEF2C4B925A008075FB /* ImageCache.swift in Sources */ = {isa = PBXBuildFile; fileRef = 8E5C5FEC2C4B925A008075FB /* ImageCache.swift */; };
		8E5C5FFB2C4B9382008075FB /* ImageDownloader.swift in Sources */ = {isa = PBXBuildFile; fileRef = 8E5C5FFA2C4B9382008075FB /* ImageDownloader.swift */; };
		8E5C5FFD2C4B98CC008075FB /* ImageDiskCache.swift in Sources */ = {isa = PBXBuildFile; fileRef = 8E5C5FFC2C4B98CC008075FB /* ImageDiskCache.swift */; };
		8E6EF67F2C17239C00079043 /* HomeBookRecordCell.swift in Sources */ = {isa = PBXBuildFile; fileRef = 8E6EF67D2C17239C00079043 /* HomeBookRecordCell.swift */; };
		8E6EF6802C17239C00079043 /* HomeViewController.swift in Sources */ = {isa = PBXBuildFile; fileRef = 8E6EF67E2C17239C00079043 /* HomeViewController.swift */; };
		8E6EF6832C1723A600079043 /* EditViewController.swift in Sources */ = {isa = PBXBuildFile; fileRef = 8E6EF6812C1723A600079043 /* EditViewController.swift */; };
		8E7664422C04B6C700F67B5A /* Book.swift in Sources */ = {isa = PBXBuildFile; fileRef = 8E7664412C04B6C700F67B5A /* Book.swift */; };
		8E932AC72C47EC5600B7409C /* BookSearchResultCell.swift in Sources */ = {isa = PBXBuildFile; fileRef = 8E932AC02C47EC5600B7409C /* BookSearchResultCell.swift */; };
		8E932ACB2C47EC5600B7409C /* BookSearchViewModel.swift in Sources */ = {isa = PBXBuildFile; fileRef = 8E932AC52C47EC5600B7409C /* BookSearchViewModel.swift */; };
		8E934A8E2C52A2D500A7F8B0 /* UIView+BookBaram.swift in Sources */ = {isa = PBXBuildFile; fileRef = 8E934A8D2C52A2D500A7F8B0 /* UIView+BookBaram.swift */; };
		8E934A8F2C52A2F600A7F8B0 /* UILabel+BookBaram.swift in Sources */ = {isa = PBXBuildFile; fileRef = 8E018B0C2C31A1470084C1CC /* UILabel+BookBaram.swift */; };
		8E97F8D92C5D0BB400533824 /* BookSearchView.swift in Sources */ = {isa = PBXBuildFile; fileRef = 8E97F8D72C5D0BB400533824 /* BookSearchView.swift */; };
		8E97F8DA2C5D0BB400533824 /* BookSearchViewController.swift in Sources */ = {isa = PBXBuildFile; fileRef = 8E97F8D82C5D0BB400533824 /* BookSearchViewController.swift */; };
		8E97F8DC2C5D0BD300533824 /* BookSearchResultView.swift in Sources */ = {isa = PBXBuildFile; fileRef = 8E97F8DB2C5D0BD300533824 /* BookSearchResultView.swift */; };
		8EADB9852C204A7700809BAF /* EditView.swift in Sources */ = {isa = PBXBuildFile; fileRef = 8EADB9842C204A7700809BAF /* EditView.swift */; };
		8EADB9872C204A8200809BAF /* HomeView.swift in Sources */ = {isa = PBXBuildFile; fileRef = 8EADB9862C204A8200809BAF /* HomeView.swift */; };
/* End PBXBuildFile section */

/* Begin PBXFileReference section */
		8E018AEF2C3196220084C1CC /* HomeBookRecordView.swift */ = {isa = PBXFileReference; lastKnownFileType = sourcecode.swift; path = HomeBookRecordView.swift; sourceTree = "<group>"; };
		8E018B0C2C31A1470084C1CC /* UILabel+BookBaram.swift */ = {isa = PBXFileReference; fileEncoding = 4; lastKnownFileType = sourcecode.swift; path = "UILabel+BookBaram.swift"; sourceTree = "<group>"; };
		8E0540DC2BFF691700385365 /* BookBaram.app */ = {isa = PBXFileReference; explicitFileType = wrapper.application; includeInIndex = 0; path = BookBaram.app; sourceTree = BUILT_PRODUCTS_DIR; };
		8E0540DF2BFF691700385365 /* AppDelegate.swift */ = {isa = PBXFileReference; lastKnownFileType = sourcecode.swift; path = AppDelegate.swift; sourceTree = "<group>"; };
		8E0540E12BFF691700385365 /* SceneDelegate.swift */ = {isa = PBXFileReference; lastKnownFileType = sourcecode.swift; path = SceneDelegate.swift; sourceTree = "<group>"; };
		8E0540E82BFF691900385365 /* Assets.xcassets */ = {isa = PBXFileReference; lastKnownFileType = folder.assetcatalog; path = Assets.xcassets; sourceTree = "<group>"; };
		8E0540EB2BFF691900385365 /* Base */ = {isa = PBXFileReference; lastKnownFileType = file.storyboard; name = Base; path = Base.lproj/LaunchScreen.storyboard; sourceTree = "<group>"; };
		8E0540ED2BFF691900385365 /* Info.plist */ = {isa = PBXFileReference; lastKnownFileType = text.plist.xml; path = Info.plist; sourceTree = "<group>"; };
		8E2D1BEC2C52885300005376 /* naver-apikey.json */ = {isa = PBXFileReference; lastKnownFileType = text.json; path = "naver-apikey.json"; sourceTree = "<group>"; };
		8E4F6E072C15A955007F46E5 /* .swiftlint.yml */ = {isa = PBXFileReference; lastKnownFileType = text.yaml; path = .swiftlint.yml; sourceTree = "<group>"; };
		8E59F3972C0AE4B4006B9074 /* ApiClient.swift */ = {isa = PBXFileReference; lastKnownFileType = sourcecode.swift; path = ApiClient.swift; sourceTree = "<group>"; };
		8E59F3992C0AEE69006B9074 /* BaramError.swift */ = {isa = PBXFileReference; lastKnownFileType = sourcecode.swift; path = BaramError.swift; sourceTree = "<group>"; };
		8E59F39B2C0AFB0F006B9074 /* BaramUrl.swift */ = {isa = PBXFileReference; lastKnownFileType = sourcecode.swift; path = BaramUrl.swift; sourceTree = "<group>"; };
		8E5C5FEC2C4B925A008075FB /* ImageCache.swift */ = {isa = PBXFileReference; fileEncoding = 4; lastKnownFileType = sourcecode.swift; path = ImageCache.swift; sourceTree = "<group>"; };
		8E5C5FFA2C4B9382008075FB /* ImageDownloader.swift */ = {isa = PBXFileReference; lastKnownFileType = sourcecode.swift; path = ImageDownloader.swift; sourceTree = "<group>"; };
		8E5C5FFC2C4B98CC008075FB /* ImageDiskCache.swift */ = {isa = PBXFileReference; lastKnownFileType = sourcecode.swift; path = ImageDiskCache.swift; sourceTree = "<group>"; };
		8E6EF67D2C17239C00079043 /* HomeBookRecordCell.swift */ = {isa = PBXFileReference; fileEncoding = 4; lastKnownFileType = sourcecode.swift; path = HomeBookRecordCell.swift; sourceTree = "<group>"; };
		8E6EF67E2C17239C00079043 /* HomeViewController.swift */ = {isa = PBXFileReference; fileEncoding = 4; lastKnownFileType = sourcecode.swift; path = HomeViewController.swift; sourceTree = "<group>"; };
		8E6EF6812C1723A600079043 /* EditViewController.swift */ = {isa = PBXFileReference; fileEncoding = 4; lastKnownFileType = sourcecode.swift; path = EditViewController.swift; sourceTree = "<group>"; };
		8E7664412C04B6C700F67B5A /* Book.swift */ = {isa = PBXFileReference; lastKnownFileType = sourcecode.swift; path = Book.swift; sourceTree = "<group>"; };
		8E932AC02C47EC5600B7409C /* BookSearchResultCell.swift */ = {isa = PBXFileReference; fileEncoding = 4; lastKnownFileType = sourcecode.swift; path = BookSearchResultCell.swift; sourceTree = "<group>"; };
		8E932AC52C47EC5600B7409C /* BookSearchViewModel.swift */ = {isa = PBXFileReference; fileEncoding = 4; lastKnownFileType = sourcecode.swift; path = BookSearchViewModel.swift; sourceTree = "<group>"; };
		8E934A8D2C52A2D500A7F8B0 /* UIView+BookBaram.swift */ = {isa = PBXFileReference; fileEncoding = 4; lastKnownFileType = sourcecode.swift; path = "UIView+BookBaram.swift"; sourceTree = "<group>"; };
		8E97F8D72C5D0BB400533824 /* BookSearchView.swift */ = {isa = PBXFileReference; fileEncoding = 4; lastKnownFileType = sourcecode.swift; path = BookSearchView.swift; sourceTree = "<group>"; };
		8E97F8D82C5D0BB400533824 /* BookSearchViewController.swift */ = {isa = PBXFileReference; fileEncoding = 4; lastKnownFileType = sourcecode.swift; path = BookSearchViewController.swift; sourceTree = "<group>"; };
		8E97F8DB2C5D0BD300533824 /* BookSearchResultView.swift */ = {isa = PBXFileReference; fileEncoding = 4; lastKnownFileType = sourcecode.swift; path = BookSearchResultView.swift; sourceTree = "<group>"; };
		8EADB9842C204A7700809BAF /* EditView.swift */ = {isa = PBXFileReference; lastKnownFileType = sourcecode.swift; path = EditView.swift; sourceTree = "<group>"; };
		8EADB9862C204A8200809BAF /* HomeView.swift */ = {isa = PBXFileReference; lastKnownFileType = sourcecode.swift; path = HomeView.swift; sourceTree = "<group>"; };
/* End PBXFileReference section */

/* Begin PBXFrameworksBuildPhase section */
		8E0540D92BFF691700385365 /* Frameworks */ = {
			isa = PBXFrameworksBuildPhase;
			buildActionMask = 2147483647;
			files = (
			);
			runOnlyForDeploymentPostprocessing = 0;
		};
/* End PBXFrameworksBuildPhase section */

/* Begin PBXGroup section */
		8E018B042C319C6F0084C1CC /* Cell */ = {
			isa = PBXGroup;
			children = (
				8E6EF67D2C17239C00079043 /* HomeBookRecordCell.swift */,
				8E018AEF2C3196220084C1CC /* HomeBookRecordView.swift */,
			);
			path = Cell;
			sourceTree = "<group>";
		};
		8E0540D32BFF691700385365 = {
			isa = PBXGroup;
			children = (
				8E0540DE2BFF691700385365 /* BookBaram */,
				8E0540DD2BFF691700385365 /* Products */,
				8E97F8D62C5D0B9400533824 /* Recovered References */,
			);
			sourceTree = "<group>";
		};
		8E0540DD2BFF691700385365 /* Products */ = {
			isa = PBXGroup;
			children = (
				8E0540DC2BFF691700385365 /* BookBaram.app */,
			);
			name = Products;
			sourceTree = "<group>";
		};
		8E0540DE2BFF691700385365 /* BookBaram */ = {
			isa = PBXGroup;
			children = (
				8E5C5FEE2C4B925A008075FB /* Utils */,
				8E59F3962C0AE43C006B9074 /* Network */,
				8E4F6E072C15A955007F46E5 /* .swiftlint.yml */,
				8E0540DF2BFF691700385365 /* AppDelegate.swift */,
				8E0540E12BFF691700385365 /* SceneDelegate.swift */,
				8E7664402C04B6B400F67B5A /* Model */,
				8E76643D2C04B21200F67B5A /* View */,
				8E0540E82BFF691900385365 /* Assets.xcassets */,
				8E0540EA2BFF691900385365 /* LaunchScreen.storyboard */,
				8E0540ED2BFF691900385365 /* Info.plist */,
				8E2D1BEC2C52885300005376 /* naver-apikey.json */,
			);
			path = BookBaram;
			sourceTree = "<group>";
		};
		8E3DEECD2C29A6F10084EF5B /* Utils */ = {
			isa = PBXGroup;
			children = (
				8E934A8D2C52A2D500A7F8B0 /* UIView+BookBaram.swift */,
				8E018B0C2C31A1470084C1CC /* UILabel+BookBaram.swift */,
			);
			path = Utils;
			sourceTree = "<group>";
		};
		8E59F3962C0AE43C006B9074 /* Network */ = {
			isa = PBXGroup;
			children = (
				8E59F3972C0AE4B4006B9074 /* ApiClient.swift */,
				8E59F3992C0AEE69006B9074 /* BaramError.swift */,
				8E59F39B2C0AFB0F006B9074 /* BaramUrl.swift */,
			);
			path = Network;
			sourceTree = "<group>";
		};
		8E5C5FED2C4B925A008075FB /* Image */ = {
			isa = PBXGroup;
			children = (
				8E5C5FEC2C4B925A008075FB /* ImageCache.swift */,
				8E5C5FFA2C4B9382008075FB /* ImageDownloader.swift */,
				8E5C5FFC2C4B98CC008075FB /* ImageDiskCache.swift */,
			);
			path = Image;
			sourceTree = "<group>";
		};
		8E5C5FEE2C4B925A008075FB /* Utils */ = {
			isa = PBXGroup;
			children = (
				8E5C5FED2C4B925A008075FB /* Image */,
			);
			path = Utils;
			sourceTree = "<group>";
		};
		8E6EF67C2C17236C00079043 /* Home */ = {
			isa = PBXGroup;
			children = (
				8E018B042C319C6F0084C1CC /* Cell */,
				8E6EF67E2C17239C00079043 /* HomeViewController.swift */,
				8EADB9862C204A8200809BAF /* HomeView.swift */,
			);
			path = Home;
			sourceTree = "<group>";
		};
		8E6EF6822C1723A600079043 /* Edit */ = {
			isa = PBXGroup;
			children = (
				8E6EF6812C1723A600079043 /* EditViewController.swift */,
				8EADB9842C204A7700809BAF /* EditView.swift */,
			);
			path = Edit;
			sourceTree = "<group>";
		};
		8E76643D2C04B21200F67B5A /* View */ = {
			isa = PBXGroup;
			children = (
				8E932AC62C47EC5600B7409C /* BookSearch */,
				8E3DEECD2C29A6F10084EF5B /* Utils */,
				8E6EF6822C1723A600079043 /* Edit */,
				8E6EF67C2C17236C00079043 /* Home */,
			);
			path = View;
			sourceTree = "<group>";
		};
		8E7664402C04B6B400F67B5A /* Model */ = {
			isa = PBXGroup;
			children = (
				8E7664412C04B6C700F67B5A /* Book.swift */,
			);
			path = Model;
			sourceTree = "<group>";
		};
		8E932AC22C47EC5600B7409C /* Cell */ = {
			isa = PBXGroup;
			children = (
				8E97F8DB2C5D0BD300533824 /* BookSearchResultView.swift */,
				8E932AC02C47EC5600B7409C /* BookSearchResultCell.swift */,
			);
			path = Cell;
			sourceTree = "<group>";
		};
		8E932AC62C47EC5600B7409C /* BookSearch */ = {
			isa = PBXGroup;
			children = (
				8E932AC22C47EC5600B7409C /* Cell */,
				8E97F8D72C5D0BB400533824 /* BookSearchView.swift */,
				8E97F8D82C5D0BB400533824 /* BookSearchViewController.swift */,
				8E932AC52C47EC5600B7409C /* BookSearchViewModel.swift */,
			);
			path = BookSearch;
			sourceTree = "<group>";
		};
		8E97F8D62C5D0B9400533824 /* Recovered References */ = {
			isa = PBXGroup;
			children = (
			);
			name = "Recovered References";
			sourceTree = "<group>";
		};
/* End PBXGroup section */

/* Begin PBXNativeTarget section */
		8E0540DB2BFF691700385365 /* BookBaram */ = {
			isa = PBXNativeTarget;
			buildConfigurationList = 8E0540F02BFF691900385365 /* Build configuration list for PBXNativeTarget "BookBaram" */;
			buildPhases = (
				8E0540D82BFF691700385365 /* Sources */,
				8E0540D92BFF691700385365 /* Frameworks */,
				8E0540DA2BFF691700385365 /* Resources */,
				8E4F6E062C15A89F007F46E5 /* ShellScript */,
			);
			buildRules = (
			);
			dependencies = (
			);
			name = BookBaram;
			productName = BookBaram;
			productReference = 8E0540DC2BFF691700385365 /* BookBaram.app */;
			productType = "com.apple.product-type.application";
		};
/* End PBXNativeTarget section */

/* Begin PBXProject section */
		8E0540D42BFF691700385365 /* Project object */ = {
			isa = PBXProject;
			attributes = {
				BuildIndependentTargetsInParallel = 1;
				LastSwiftUpdateCheck = 1530;
				LastUpgradeCheck = 1530;
				TargetAttributes = {
					8E0540DB2BFF691700385365 = {
						CreatedOnToolsVersion = 15.3;
					};
				};
			};
			buildConfigurationList = 8E0540D72BFF691700385365 /* Build configuration list for PBXProject "BookBaram" */;
			compatibilityVersion = "Xcode 14.0";
			developmentRegion = en;
			hasScannedForEncodings = 0;
			knownRegions = (
				en,
				Base,
			);
			mainGroup = 8E0540D32BFF691700385365;
			productRefGroup = 8E0540DD2BFF691700385365 /* Products */;
			projectDirPath = "";
			projectRoot = "";
			targets = (
				8E0540DB2BFF691700385365 /* BookBaram */,
			);
		};
/* End PBXProject section */

/* Begin PBXResourcesBuildPhase section */
		8E0540DA2BFF691700385365 /* Resources */ = {
			isa = PBXResourcesBuildPhase;
			buildActionMask = 2147483647;
			files = (
				8E0540E92BFF691900385365 /* Assets.xcassets in Resources */,
				8E2D1BED2C52891800005376 /* naver-apikey.json in Resources */,
				8E0540EC2BFF691900385365 /* Base in Resources */,
			);
			runOnlyForDeploymentPostprocessing = 0;
		};
/* End PBXResourcesBuildPhase section */

/* Begin PBXShellScriptBuildPhase section */
		8E4F6E062C15A89F007F46E5 /* ShellScript */ = {
			isa = PBXShellScriptBuildPhase;
			buildActionMask = 2147483647;
			files = (
			);
			inputFileListPaths = (
			);
			inputPaths = (
			);
			outputFileListPaths = (
			);
			outputPaths = (
			);
			runOnlyForDeploymentPostprocessing = 0;
			shellPath = /bin/sh;
			shellScript = "# Type a script or drag a script file from your workspace to insert its path.\nif command -v swiftlint >/dev/null 2>&1\nthen\n    swiftlint --fix && swiftlint\nelse\n    echo \"warning: `swiftlint` command not found - See https://github.com/realm/SwiftLint#installation for installation instructions.\"\nfi\n";
		};
/* End PBXShellScriptBuildPhase section */

/* Begin PBXSourcesBuildPhase section */
		8E0540D82BFF691700385365 /* Sources */ = {
			isa = PBXSourcesBuildPhase;
			buildActionMask = 2147483647;
			files = (
				8E6EF6832C1723A600079043 /* EditViewController.swift in Sources */,
				8E6EF67F2C17239C00079043 /* HomeBookRecordCell.swift in Sources */,
				8EADB9872C204A8200809BAF /* HomeView.swift in Sources */,
				8E0540E02BFF691700385365 /* AppDelegate.swift in Sources */,
				8E5C5FFB2C4B9382008075FB /* ImageDownloader.swift in Sources */,
				8EADB9852C204A7700809BAF /* EditView.swift in Sources */,
				8E7664422C04B6C700F67B5A /* Book.swift in Sources */,
				8E97F8D92C5D0BB400533824 /* BookSearchView.swift in Sources */,
				8E5C5FEF2C4B925A008075FB /* ImageCache.swift in Sources */,
				8E6EF6802C17239C00079043 /* HomeViewController.swift in Sources */,
				8E59F39A2C0AEE69006B9074 /* BaramError.swift in Sources */,
				8E59F39C2C0AFB0F006B9074 /* BaramUrl.swift in Sources */,
				8E0540E22BFF691700385365 /* SceneDelegate.swift in Sources */,
				8E97F8DA2C5D0BB400533824 /* BookSearchViewController.swift in Sources */,
				8E5C5FFD2C4B98CC008075FB /* ImageDiskCache.swift in Sources */,
				8E018AF02C3196220084C1CC /* HomeBookRecordView.swift in Sources */,
				8E934A8E2C52A2D500A7F8B0 /* UIView+BookBaram.swift in Sources */,
				8E932AC72C47EC5600B7409C /* BookSearchResultCell.swift in Sources */,
				8E97F8DC2C5D0BD300533824 /* BookSearchResultView.swift in Sources */,
				8E932ACB2C47EC5600B7409C /* BookSearchViewModel.swift in Sources */,
				8E59F3982C0AE4B4006B9074 /* ApiClient.swift in Sources */,
				8E934A8F2C52A2F600A7F8B0 /* UILabel+BookBaram.swift in Sources */,
			);
			runOnlyForDeploymentPostprocessing = 0;
		};
/* End PBXSourcesBuildPhase section */

/* Begin PBXVariantGroup section */
		8E0540EA2BFF691900385365 /* LaunchScreen.storyboard */ = {
			isa = PBXVariantGroup;
			children = (
				8E0540EB2BFF691900385365 /* Base */,
			);
			name = LaunchScreen.storyboard;
			sourceTree = "<group>";
		};
/* End PBXVariantGroup section */

/* Begin XCBuildConfiguration section */
		8E0540EE2BFF691900385365 /* Debug */ = {
			isa = XCBuildConfiguration;
			buildSettings = {
				ALWAYS_SEARCH_USER_PATHS = NO;
				ASSETCATALOG_COMPILER_GENERATE_SWIFT_ASSET_SYMBOL_EXTENSIONS = YES;
				CLANG_ANALYZER_NONNULL = YES;
				CLANG_ANALYZER_NUMBER_OBJECT_CONVERSION = YES_AGGRESSIVE;
				CLANG_CXX_LANGUAGE_STANDARD = "gnu++20";
				CLANG_ENABLE_MODULES = YES;
				CLANG_ENABLE_OBJC_ARC = YES;
				CLANG_ENABLE_OBJC_WEAK = YES;
				CLANG_WARN_BLOCK_CAPTURE_AUTORELEASING = YES;
				CLANG_WARN_BOOL_CONVERSION = YES;
				CLANG_WARN_COMMA = YES;
				CLANG_WARN_CONSTANT_CONVERSION = YES;
				CLANG_WARN_DEPRECATED_OBJC_IMPLEMENTATIONS = YES;
				CLANG_WARN_DIRECT_OBJC_ISA_USAGE = YES_ERROR;
				CLANG_WARN_DOCUMENTATION_COMMENTS = YES;
				CLANG_WARN_EMPTY_BODY = YES;
				CLANG_WARN_ENUM_CONVERSION = YES;
				CLANG_WARN_INFINITE_RECURSION = YES;
				CLANG_WARN_INT_CONVERSION = YES;
				CLANG_WARN_NON_LITERAL_NULL_CONVERSION = YES;
				CLANG_WARN_OBJC_IMPLICIT_RETAIN_SELF = YES;
				CLANG_WARN_OBJC_LITERAL_CONVERSION = YES;
				CLANG_WARN_OBJC_ROOT_CLASS = YES_ERROR;
				CLANG_WARN_QUOTED_INCLUDE_IN_FRAMEWORK_HEADER = YES;
				CLANG_WARN_RANGE_LOOP_ANALYSIS = YES;
				CLANG_WARN_STRICT_PROTOTYPES = YES;
				CLANG_WARN_SUSPICIOUS_MOVE = YES;
				CLANG_WARN_UNGUARDED_AVAILABILITY = YES_AGGRESSIVE;
				CLANG_WARN_UNREACHABLE_CODE = YES;
				CLANG_WARN__DUPLICATE_METHOD_MATCH = YES;
				COPY_PHASE_STRIP = NO;
				DEBUG_INFORMATION_FORMAT = dwarf;
				ENABLE_STRICT_OBJC_MSGSEND = YES;
				ENABLE_TESTABILITY = YES;
				ENABLE_USER_SCRIPT_SANDBOXING = YES;
				GCC_C_LANGUAGE_STANDARD = gnu17;
				GCC_DYNAMIC_NO_PIC = NO;
				GCC_NO_COMMON_BLOCKS = YES;
				GCC_OPTIMIZATION_LEVEL = 0;
				GCC_PREPROCESSOR_DEFINITIONS = (
					"DEBUG=1",
					"$(inherited)",
				);
				GCC_WARN_64_TO_32_BIT_CONVERSION = YES;
				GCC_WARN_ABOUT_RETURN_TYPE = YES_ERROR;
				GCC_WARN_UNDECLARED_SELECTOR = YES;
				GCC_WARN_UNINITIALIZED_AUTOS = YES_AGGRESSIVE;
				GCC_WARN_UNUSED_FUNCTION = YES;
				GCC_WARN_UNUSED_VARIABLE = YES;
				IPHONEOS_DEPLOYMENT_TARGET = 17.0;
				LOCALIZATION_PREFERS_STRING_CATALOGS = YES;
				MTL_ENABLE_DEBUG_INFO = INCLUDE_SOURCE;
				MTL_FAST_MATH = YES;
				ONLY_ACTIVE_ARCH = YES;
				SDKROOT = iphoneos;
				SWIFT_ACTIVE_COMPILATION_CONDITIONS = "DEBUG $(inherited)";
				SWIFT_OPTIMIZATION_LEVEL = "-Onone";
			};
			name = Debug;
		};
		8E0540EF2BFF691900385365 /* Release */ = {
			isa = XCBuildConfiguration;
			buildSettings = {
				ALWAYS_SEARCH_USER_PATHS = NO;
				ASSETCATALOG_COMPILER_GENERATE_SWIFT_ASSET_SYMBOL_EXTENSIONS = YES;
				CLANG_ANALYZER_NONNULL = YES;
				CLANG_ANALYZER_NUMBER_OBJECT_CONVERSION = YES_AGGRESSIVE;
				CLANG_CXX_LANGUAGE_STANDARD = "gnu++20";
				CLANG_ENABLE_MODULES = YES;
				CLANG_ENABLE_OBJC_ARC = YES;
				CLANG_ENABLE_OBJC_WEAK = YES;
				CLANG_WARN_BLOCK_CAPTURE_AUTORELEASING = YES;
				CLANG_WARN_BOOL_CONVERSION = YES;
				CLANG_WARN_COMMA = YES;
				CLANG_WARN_CONSTANT_CONVERSION = YES;
				CLANG_WARN_DEPRECATED_OBJC_IMPLEMENTATIONS = YES;
				CLANG_WARN_DIRECT_OBJC_ISA_USAGE = YES_ERROR;
				CLANG_WARN_DOCUMENTATION_COMMENTS = YES;
				CLANG_WARN_EMPTY_BODY = YES;
				CLANG_WARN_ENUM_CONVERSION = YES;
				CLANG_WARN_INFINITE_RECURSION = YES;
				CLANG_WARN_INT_CONVERSION = YES;
				CLANG_WARN_NON_LITERAL_NULL_CONVERSION = YES;
				CLANG_WARN_OBJC_IMPLICIT_RETAIN_SELF = YES;
				CLANG_WARN_OBJC_LITERAL_CONVERSION = YES;
				CLANG_WARN_OBJC_ROOT_CLASS = YES_ERROR;
				CLANG_WARN_QUOTED_INCLUDE_IN_FRAMEWORK_HEADER = YES;
				CLANG_WARN_RANGE_LOOP_ANALYSIS = YES;
				CLANG_WARN_STRICT_PROTOTYPES = YES;
				CLANG_WARN_SUSPICIOUS_MOVE = YES;
				CLANG_WARN_UNGUARDED_AVAILABILITY = YES_AGGRESSIVE;
				CLANG_WARN_UNREACHABLE_CODE = YES;
				CLANG_WARN__DUPLICATE_METHOD_MATCH = YES;
				COPY_PHASE_STRIP = NO;
				DEBUG_INFORMATION_FORMAT = "dwarf-with-dsym";
				ENABLE_NS_ASSERTIONS = NO;
				ENABLE_STRICT_OBJC_MSGSEND = YES;
				ENABLE_USER_SCRIPT_SANDBOXING = YES;
				GCC_C_LANGUAGE_STANDARD = gnu17;
				GCC_NO_COMMON_BLOCKS = YES;
				GCC_WARN_64_TO_32_BIT_CONVERSION = YES;
				GCC_WARN_ABOUT_RETURN_TYPE = YES_ERROR;
				GCC_WARN_UNDECLARED_SELECTOR = YES;
				GCC_WARN_UNINITIALIZED_AUTOS = YES_AGGRESSIVE;
				GCC_WARN_UNUSED_FUNCTION = YES;
				GCC_WARN_UNUSED_VARIABLE = YES;
				IPHONEOS_DEPLOYMENT_TARGET = 17.0;
				LOCALIZATION_PREFERS_STRING_CATALOGS = YES;
				MTL_ENABLE_DEBUG_INFO = NO;
				MTL_FAST_MATH = YES;
				SDKROOT = iphoneos;
				SWIFT_COMPILATION_MODE = wholemodule;
				VALIDATE_PRODUCT = YES;
			};
			name = Release;
		};
		8E0540F12BFF691900385365 /* Debug */ = {
			isa = XCBuildConfiguration;
			buildSettings = {
				ASSETCATALOG_COMPILER_APPICON_NAME = AppIcon;
				ASSETCATALOG_COMPILER_GLOBAL_ACCENT_COLOR_NAME = AccentColor;
				CODE_SIGN_STYLE = Automatic;
				CURRENT_PROJECT_VERSION = 1;
				ENABLE_USER_SCRIPT_SANDBOXING = NO;
				GENERATE_INFOPLIST_FILE = YES;
				INFOPLIST_FILE = BookBaram/Info.plist;
				INFOPLIST_KEY_LSApplicationCategoryType = "public.app-category.entertainment";
				INFOPLIST_KEY_UIApplicationSupportsIndirectInputEvents = YES;
				INFOPLIST_KEY_UILaunchStoryboardName = LaunchScreen;
				INFOPLIST_KEY_UISupportedInterfaceOrientations_iPad = "UIInterfaceOrientationPortrait UIInterfaceOrientationPortraitUpsideDown UIInterfaceOrientationLandscapeLeft UIInterfaceOrientationLandscapeRight";
				INFOPLIST_KEY_UISupportedInterfaceOrientations_iPhone = "UIInterfaceOrientationPortrait UIInterfaceOrientationLandscapeLeft UIInterfaceOrientationLandscapeRight";
				LD_RUNPATH_SEARCH_PATHS = (
					"$(inherited)",
					"@executable_path/Frameworks",
				);
				MARKETING_VERSION = 1.0;
				PRODUCT_BUNDLE_IDENTIFIER = lab.song.BookBaram;
				PRODUCT_NAME = "$(TARGET_NAME)";
				SUPPORTED_PLATFORMS = "iphoneos iphonesimulator";
				SUPPORTS_MACCATALYST = NO;
				SUPPORTS_XR_DESIGNED_FOR_IPHONE_IPAD = NO;
				SWIFT_EMIT_LOC_STRINGS = YES;
				SWIFT_VERSION = 5.0;
				TARGETED_DEVICE_FAMILY = "1,2";
			};
			name = Debug;
		};
		8E0540F22BFF691900385365 /* Release */ = {
			isa = XCBuildConfiguration;
			buildSettings = {
				ASSETCATALOG_COMPILER_APPICON_NAME = AppIcon;
				ASSETCATALOG_COMPILER_GLOBAL_ACCENT_COLOR_NAME = AccentColor;
				CODE_SIGN_STYLE = Automatic;
				CURRENT_PROJECT_VERSION = 1;
				ENABLE_USER_SCRIPT_SANDBOXING = NO;
				GENERATE_INFOPLIST_FILE = YES;
				INFOPLIST_FILE = BookBaram/Info.plist;
				INFOPLIST_KEY_LSApplicationCategoryType = "public.app-category.entertainment";
				INFOPLIST_KEY_UIApplicationSupportsIndirectInputEvents = YES;
				INFOPLIST_KEY_UILaunchStoryboardName = LaunchScreen;
				INFOPLIST_KEY_UISupportedInterfaceOrientations_iPad = "UIInterfaceOrientationPortrait UIInterfaceOrientationPortraitUpsideDown UIInterfaceOrientationLandscapeLeft UIInterfaceOrientationLandscapeRight";
				INFOPLIST_KEY_UISupportedInterfaceOrientations_iPhone = "UIInterfaceOrientationPortrait UIInterfaceOrientationLandscapeLeft UIInterfaceOrientationLandscapeRight";
				LD_RUNPATH_SEARCH_PATHS = (
					"$(inherited)",
					"@executable_path/Frameworks",
				);
				MARKETING_VERSION = 1.0;
				PRODUCT_BUNDLE_IDENTIFIER = lab.song.BookBaram;
				PRODUCT_NAME = "$(TARGET_NAME)";
				SUPPORTED_PLATFORMS = "iphoneos iphonesimulator";
				SUPPORTS_MACCATALYST = NO;
				SUPPORTS_XR_DESIGNED_FOR_IPHONE_IPAD = NO;
				SWIFT_EMIT_LOC_STRINGS = YES;
				SWIFT_VERSION = 5.0;
				TARGETED_DEVICE_FAMILY = "1,2";
			};
			name = Release;
		};
/* End XCBuildConfiguration section */

/* Begin XCConfigurationList section */
		8E0540D72BFF691700385365 /* Build configuration list for PBXProject "BookBaram" */ = {
			isa = XCConfigurationList;
			buildConfigurations = (
				8E0540EE2BFF691900385365 /* Debug */,
				8E0540EF2BFF691900385365 /* Release */,
			);
			defaultConfigurationIsVisible = 0;
			defaultConfigurationName = Release;
		};
		8E0540F02BFF691900385365 /* Build configuration list for PBXNativeTarget "BookBaram" */ = {
			isa = XCConfigurationList;
			buildConfigurations = (
				8E0540F12BFF691900385365 /* Debug */,
				8E0540F22BFF691900385365 /* Release */,
			);
			defaultConfigurationIsVisible = 0;
			defaultConfigurationName = Release;
		};
/* End XCConfigurationList section */
	};
	rootObject = 8E0540D42BFF691700385365 /* Project object */;
}
